
Microsoft Visual Studio Solution File, Format Version 12.00
# Visual Studio Version 17
VisualStudioVersion = 17.8.34330.188
MinimumVisualStudioVersion = 10.0.40219.1
Project("{FAE04EC0-301F-11D3-BF4B-00C04F79EFBC}") = "CooperationHullMainSite", "CooperationHullMainSite\CooperationHullMainSite.csproj", "{74BF82D5-B5B8-40A6-8A0B-136470A230C3}"
EndProject
Global
	GlobalSection(SolutionConfigurationPlatforms) = preSolution
		Debug|Any CPU = Debug|Any CPU
		Release|Any CPU = Release|Any CPU
	EndGlobalSection
	GlobalSection(ProjectConfigurationPlatforms) = postSolution
		{74BF82D5-B5B8-40A6-8A0B-136470A230C3}.Debug|Any CPU.ActiveCfg = Debug|Any CPU
		{74BF82D5-B5B8-40A6-8A0B-136470A230C3}.Debug|Any CPU.Build.0 = Debug|Any CPU
		{74BF82D5-B5B8-40A6-8A0B-136470A230C3}.Release|Any CPU.ActiveCfg = Release|Any CPU
		{74BF82D5-B5B8-40A6-8A0B-136470A230C3}.Release|Any CPU.Build.0 = Release|Any CPU
	EndGlobalSection
	GlobalSection(SolutionProperties) = preSolution
		HideSolutionNode = FALSE
	EndGlobalSection
	GlobalSection(ExtensibilityGlobals) = postSolution
		SolutionGuid = {DF905309-24AD-4E1A-A54A-C2F1DCD2EB21}
	EndGlobalSection
EndGlobal
